
Microsoft Visual Studio Solution File, Format Version 12.00
# Visual Studio 2012
Project("{FAE04EC0-301F-11D3-BF4B-00C04F79EFBC}") = "OctoTorrent", "sources\OctoTorrent\OctoTorrent.csproj", "{411A9E0E-FDC6-4E25-828A-0C2CD1CD96F8}"
EndProject
Project("{FAE04EC0-301F-11D3-BF4B-00C04F79EFBC}") = "OctoTorrent.Dht", "sources\OctoTorrent.Dht\OctoTorrent.Dht.csproj", "{7A2A7E73-FD43-4171-AA34-DA413D35459E}"
EndProject
Project("{FAE04EC0-301F-11D3-BF4B-00C04F79EFBC}") = "OctoTorrent.Tests", "sources\OctoTorrent.Tests\OctoTorrent.Tests.csproj", "{526928D8-DBC8-4717-BCF0-A4FEDA80A0BD}"
EndProject
Project("{FAE04EC0-301F-11D3-BF4B-00C04F79EFBC}") = "SampleClient", "sources\SampleClient\SampleClient.csproj", "{9CC2CC3A-4041-4857-AF8B-D58745FD3066}"
EndProject
Project("{FAE04EC0-301F-11D3-BF4B-00C04F79EFBC}") = "SampleTracker", "sources\SampleTracker\SampleTracker.csproj", "{7A647552-B5F0-419F-9395-4DC24990ED20}"
EndProject
Project("{2150E333-8FDC-42A3-9474-1A3956D46DE8}") = "build", "build", "{FDA8EC92-A28F-4AD4-ADAC-04BA8351E5D0}"
	ProjectSection(SolutionItems) = preProject
		build\default.ps1 = build\default.ps1
	EndProjectSection
EndProject
Project("{2150E333-8FDC-42A3-9474-1A3956D46DE8}") = "Libraries", "Libraries", "{F4AACEDF-5F0C-43AC-B91A-5DD5A869A5E2}"
EndProject
Project("{2150E333-8FDC-42A3-9474-1A3956D46DE8}") = "Samples", "Samples", "{18B0BA3A-E28E-47FA-A8BC-351B62147670}"
EndProject
Project("{2150E333-8FDC-42A3-9474-1A3956D46DE8}") = ".nuget", ".nuget", "{47C67492-ABA7-46B4-A445-9D1176E1FBAA}"
	ProjectSection(SolutionItems) = preProject
		.nuget\NuGet.Config = .nuget\NuGet.Config
		.nuget\NuGet.exe = .nuget\NuGet.exe
		.nuget\NuGet.targets = .nuget\NuGet.targets
	EndProjectSection
EndProject
Global
	GlobalSection(SolutionConfigurationPlatforms) = preSolution
		Debug|Any CPU = Debug|Any CPU
		Release|Any CPU = Release|Any CPU
		Stats|Any CPU = Stats|Any CPU
	EndGlobalSection
	GlobalSection(ProjectConfigurationPlatforms) = postSolution
		{411A9E0E-FDC6-4E25-828A-0C2CD1CD96F8}.Debug|Any CPU.ActiveCfg = Debug|Any CPU
		{411A9E0E-FDC6-4E25-828A-0C2CD1CD96F8}.Debug|Any CPU.Build.0 = Debug|Any CPU
		{411A9E0E-FDC6-4E25-828A-0C2CD1CD96F8}.Release|Any CPU.ActiveCfg = Release|Any CPU
		{411A9E0E-FDC6-4E25-828A-0C2CD1CD96F8}.Release|Any CPU.Build.0 = Release|Any CPU
		{411A9E0E-FDC6-4E25-828A-0C2CD1CD96F8}.Stats|Any CPU.ActiveCfg = Stats|Any CPU
		{411A9E0E-FDC6-4E25-828A-0C2CD1CD96F8}.Stats|Any CPU.Build.0 = Stats|Any CPU
		{7A2A7E73-FD43-4171-AA34-DA413D35459E}.Debug|Any CPU.ActiveCfg = Debug|Any CPU
		{7A2A7E73-FD43-4171-AA34-DA413D35459E}.Debug|Any CPU.Build.0 = Debug|Any CPU
		{7A2A7E73-FD43-4171-AA34-DA413D35459E}.Release|Any CPU.ActiveCfg = Release|Any CPU
		{7A2A7E73-FD43-4171-AA34-DA413D35459E}.Release|Any CPU.Build.0 = Release|Any CPU
		{7A2A7E73-FD43-4171-AA34-DA413D35459E}.Stats|Any CPU.ActiveCfg = Release|Any CPU
		{7A2A7E73-FD43-4171-AA34-DA413D35459E}.Stats|Any CPU.Build.0 = Release|Any CPU
		{526928D8-DBC8-4717-BCF0-A4FEDA80A0BD}.Debug|Any CPU.ActiveCfg = Debug|Any CPU
		{526928D8-DBC8-4717-BCF0-A4FEDA80A0BD}.Debug|Any CPU.Build.0 = Debug|Any CPU
		{526928D8-DBC8-4717-BCF0-A4FEDA80A0BD}.Release|Any CPU.ActiveCfg = Release|Any CPU
		{526928D8-DBC8-4717-BCF0-A4FEDA80A0BD}.Release|Any CPU.Build.0 = Release|Any CPU
		{526928D8-DBC8-4717-BCF0-A4FEDA80A0BD}.Stats|Any CPU.ActiveCfg = Stats|Any CPU
		{526928D8-DBC8-4717-BCF0-A4FEDA80A0BD}.Stats|Any CPU.Build.0 = Stats|Any CPU
		{9CC2CC3A-4041-4857-AF8B-D58745FD3066}.Debug|Any CPU.ActiveCfg = Debug|Any CPU
		{9CC2CC3A-4041-4857-AF8B-D58745FD3066}.Debug|Any CPU.Build.0 = Debug|Any CPU
		{9CC2CC3A-4041-4857-AF8B-D58745FD3066}.Release|Any CPU.ActiveCfg = Release|Any CPU
		{9CC2CC3A-4041-4857-AF8B-D58745FD3066}.Release|Any CPU.Build.0 = Release|Any CPU
		{9CC2CC3A-4041-4857-AF8B-D58745FD3066}.Stats|Any CPU.ActiveCfg = Stats|Any CPU
		{9CC2CC3A-4041-4857-AF8B-D58745FD3066}.Stats|Any CPU.Build.0 = Stats|Any CPU
		{7A647552-B5F0-419F-9395-4DC24990ED20}.Debug|Any CPU.ActiveCfg = Debug|Any CPU
		{7A647552-B5F0-419F-9395-4DC24990ED20}.Debug|Any CPU.Build.0 = Debug|Any CPU
		{7A647552-B5F0-419F-9395-4DC24990ED20}.Release|Any CPU.ActiveCfg = Release|Any CPU
		{7A647552-B5F0-419F-9395-4DC24990ED20}.Release|Any CPU.Build.0 = Release|Any CPU
		{7A647552-B5F0-419F-9395-4DC24990ED20}.Stats|Any CPU.ActiveCfg = Stats|Any CPU
		{7A647552-B5F0-419F-9395-4DC24990ED20}.Stats|Any CPU.Build.0 = Stats|Any CPU
	EndGlobalSection
	GlobalSection(SolutionProperties) = preSolution
		HideSolutionNode = FALSE
	EndGlobalSection
	GlobalSection(NestedProjects) = preSolution
		{7A2A7E73-FD43-4171-AA34-DA413D35459E} = {F4AACEDF-5F0C-43AC-B91A-5DD5A869A5E2}
		{526928D8-DBC8-4717-BCF0-A4FEDA80A0BD} = {F4AACEDF-5F0C-43AC-B91A-5DD5A869A5E2}
		{411A9E0E-FDC6-4E25-828A-0C2CD1CD96F8} = {F4AACEDF-5F0C-43AC-B91A-5DD5A869A5E2}
		{7A647552-B5F0-419F-9395-4DC24990ED20} = {18B0BA3A-E28E-47FA-A8BC-351B62147670}
		{9CC2CC3A-4041-4857-AF8B-D58745FD3066} = {18B0BA3A-E28E-47FA-A8BC-351B62147670}
	EndGlobalSection
	GlobalSection(MonoDevelopProperties) = preSolution
		$0.CSharpFormattingPolicy = $2
		$0.StandardHeader = $3
		$0.TextStylePolicy = $1
		$1.FileWidth = 120
		$1.RemoveTrailingWhitespace = True
		$1.inheritsScope = text/plain
		$1.inheritsSet = VisualStudio
		$1.scope = text/x-csharp
		$2.inheritsScope = text/x-csharp
		$2.inheritsSet = Mono
		$2.scope = text/x-csharp
		$3.Text = 
		$3.inheritsSet = Apache2License
		Policies = $0
		StartupItem = SampleClient\SampleClient.csproj
	EndGlobalSection
EndGlobal
